<?xml version="1.0" encoding="UTF-8"?>
<CodeBlocks_project_file>
	<FileVersion major="1" minor="6"/>
	<Project>
		<Option title="gpds"/>
		<Option makefile_is_custom="1"/>
		<Option compiler="gcc"/>
		<Option virtualFolders="CMake Files\;"/>
		<Build>
			<Target title="all">
				<Option working_dir="C:/Users/joel/Documents/projects/gpds/src"/>
				<Option type="4"/>
				<MakeCommands>
					<Build command="C:/MinGW/mingw64/bin/mingw32-make.exe -f &quot;C:/Users/joel/Documents/projects/gpds/src/Makefile&quot;  VERBOSE=1 all"/>
					<CompileFile command="C:/MinGW/mingw64/bin/mingw32-make.exe -f &quot;C:/Users/joel/Documents/projects/gpds/src/Makefile&quot;  VERBOSE=1 &quot;$file&quot;"/>
					<Clean command="C:/MinGW/mingw64/bin/mingw32-make.exe -f &quot;C:/Users/joel/Documents/projects/gpds/src/Makefile&quot;  VERBOSE=1 clean"/>
					<DistClean command="C:/MinGW/mingw64/bin/mingw32-make.exe -f &quot;C:/Users/joel/Documents/projects/gpds/src/Makefile&quot;  VERBOSE=1 clean"/>
				</MakeCommands>
			</Target>
			<Target title="gpds">
				<Option output="C:/Users/joel/Documents/projects/gpds/src/libgpds.dll" prefix_auto="0" extension_auto="0"/>
				<Option working_dir="C:/Users/joel/Documents/projects/gpds/src"/>
				<Option object_output="./"/>
				<Option type="3"/>
				<Option compiler="gcc"/>
				<Compiler>
					<Add directory="C:/Users/joel/Documents/projects/gpds/src/include"/>
					<Add directory="C:/Users/joel/Documents/projects/gpds/src/3rdparty/rapidxml-1.13"/>
					<Add directory="C:/MinGW/mingw64/bin/../lib/gcc/x86_64-w64-mingw32/8.1.0/include/c++"/>
					<Add directory="C:/MinGW/mingw64/bin/../lib/gcc/x86_64-w64-mingw32/8.1.0/include/c++/x86_64-w64-mingw32"/>
					<Add directory="C:/MinGW/mingw64/bin/../lib/gcc/x86_64-w64-mingw32/8.1.0/include/c++/backward"/>
					<Add directory="C:/MinGW/mingw64/bin/../lib/gcc/x86_64-w64-mingw32/8.1.0/include"/>
					<Add directory="C:/MinGW/mingw64/bin/../lib/gcc/x86_64-w64-mingw32/8.1.0/include-fixed"/>
					<Add directory="C:/MinGW/mingw64/bin/../lib/gcc/x86_64-w64-mingw32/8.1.0/../../../../x86_64-w64-mingw32/include"/>
				</Compiler>
				<MakeCommands>
					<Build command="C:/MinGW/mingw64/bin/mingw32-make.exe -f &quot;C:/Users/joel/Documents/projects/gpds/src/Makefile&quot;  VERBOSE=1 gpds"/>
					<CompileFile command="C:/MinGW/mingw64/bin/mingw32-make.exe -f &quot;C:/Users/joel/Documents/projects/gpds/src/Makefile&quot;  VERBOSE=1 &quot;$file&quot;"/>
					<Clean command="C:/MinGW/mingw64/bin/mingw32-make.exe -f &quot;C:/Users/joel/Documents/projects/gpds/src/Makefile&quot;  VERBOSE=1 clean"/>
					<DistClean command="C:/MinGW/mingw64/bin/mingw32-make.exe -f &quot;C:/Users/joel/Documents/projects/gpds/src/Makefile&quot;  VERBOSE=1 clean"/>
				</MakeCommands>
			</Target>
			<Target title="gpds/fast">
				<Option output="C:/Users/joel/Documents/projects/gpds/src/libgpds.dll" prefix_auto="0" extension_auto="0"/>
				<Option working_dir="C:/Users/joel/Documents/projects/gpds/src"/>
				<Option object_output="./"/>
				<Option type="3"/>
				<Option compiler="gcc"/>
				<Compiler>
					<Add directory="C:/Users/joel/Documents/projects/gpds/src/include"/>
					<Add directory="C:/Users/joel/Documents/projects/gpds/src/3rdparty/rapidxml-1.13"/>
					<Add directory="C:/MinGW/mingw64/bin/../lib/gcc/x86_64-w64-mingw32/8.1.0/include/c++"/>
					<Add directory="C:/MinGW/mingw64/bin/../lib/gcc/x86_64-w64-mingw32/8.1.0/include/c++/x86_64-w64-mingw32"/>
					<Add directory="C:/MinGW/mingw64/bin/../lib/gcc/x86_64-w64-mingw32/8.1.0/include/c++/backward"/>
					<Add directory="C:/MinGW/mingw64/bin/../lib/gcc/x86_64-w64-mingw32/8.1.0/include"/>
					<Add directory="C:/MinGW/mingw64/bin/../lib/gcc/x86_64-w64-mingw32/8.1.0/include-fixed"/>
					<Add directory="C:/MinGW/mingw64/bin/../lib/gcc/x86_64-w64-mingw32/8.1.0/../../../../x86_64-w64-mingw32/include"/>
				</Compiler>
				<MakeCommands>
					<Build command="C:/MinGW/mingw64/bin/mingw32-make.exe -f &quot;C:/Users/joel/Documents/projects/gpds/src/Makefile&quot;  VERBOSE=1 gpds/fast"/>
					<CompileFile command="C:/MinGW/mingw64/bin/mingw32-make.exe -f &quot;C:/Users/joel/Documents/projects/gpds/src/Makefile&quot;  VERBOSE=1 &quot;$file&quot;"/>
					<Clean command="C:/MinGW/mingw64/bin/mingw32-make.exe -f &quot;C:/Users/joel/Documents/projects/gpds/src/Makefile&quot;  VERBOSE=1 clean"/>
					<DistClean command="C:/MinGW/mingw64/bin/mingw32-make.exe -f &quot;C:/Users/joel/Documents/projects/gpds/src/Makefile&quot;  VERBOSE=1 clean"/>
				</MakeCommands>
			</Target>
			<Target title="install/local">
				<Option working_dir="C:/Users/joel/Documents/projects/gpds/src"/>
				<Option type="4"/>
				<MakeCommands>
					<Build command="C:/MinGW/mingw64/bin/mingw32-make.exe -f &quot;C:/Users/joel/Documents/projects/gpds/src/Makefile&quot;  VERBOSE=1 install/local"/>
					<CompileFile command="C:/MinGW/mingw64/bin/mingw32-make.exe -f &quot;C:/Users/joel/Documents/projects/gpds/src/Makefile&quot;  VERBOSE=1 &quot;$file&quot;"/>
					<Clean command="C:/MinGW/mingw64/bin/mingw32-make.exe -f &quot;C:/Users/joel/Documents/projects/gpds/src/Makefile&quot;  VERBOSE=1 clean"/>
					<DistClean command="C:/MinGW/mingw64/bin/mingw32-make.exe -f &quot;C:/Users/joel/Documents/projects/gpds/src/Makefile&quot;  VERBOSE=1 clean"/>
				</MakeCommands>
			</Target>
			<Target title="gpds_test">
				<Option output="C:/Users/joel/Documents/projects/gpds/src/gpds_test.exe" prefix_auto="0" extension_auto="0"/>
				<Option working_dir="C:/Users/joel/Documents/projects/gpds/src"/>
				<Option object_output="./"/>
				<Option type="1"/>
				<Option compiler="gcc"/>
				<Compiler>
					<Add directory="C:/Users/joel/Documents/projects/gpds/src/include"/>
					<Add directory="C:/Users/joel/Documents/projects/gpds/src/3rdparty/rapidxml-1.13"/>
					<Add directory="C:/MinGW/mingw64/bin/../lib/gcc/x86_64-w64-mingw32/8.1.0/include/c++"/>
					<Add directory="C:/MinGW/mingw64/bin/../lib/gcc/x86_64-w64-mingw32/8.1.0/include/c++/x86_64-w64-mingw32"/>
					<Add directory="C:/MinGW/mingw64/bin/../lib/gcc/x86_64-w64-mingw32/8.1.0/include/c++/backward"/>
					<Add directory="C:/MinGW/mingw64/bin/../lib/gcc/x86_64-w64-mingw32/8.1.0/include"/>
					<Add directory="C:/MinGW/mingw64/bin/../lib/gcc/x86_64-w64-mingw32/8.1.0/include-fixed"/>
					<Add directory="C:/MinGW/mingw64/bin/../lib/gcc/x86_64-w64-mingw32/8.1.0/../../../../x86_64-w64-mingw32/include"/>
				</Compiler>
				<MakeCommands>
					<Build command="C:/MinGW/mingw64/bin/mingw32-make.exe -f &quot;C:/Users/joel/Documents/projects/gpds/src/Makefile&quot;  VERBOSE=1 gpds_test"/>
					<CompileFile command="C:/MinGW/mingw64/bin/mingw32-make.exe -f &quot;C:/Users/joel/Documents/projects/gpds/src/Makefile&quot;  VERBOSE=1 &quot;$file&quot;"/>
					<Clean command="C:/MinGW/mingw64/bin/mingw32-make.exe -f &quot;C:/Users/joel/Documents/projects/gpds/src/Makefile&quot;  VERBOSE=1 clean"/>
					<DistClean command="C:/MinGW/mingw64/bin/mingw32-make.exe -f &quot;C:/Users/joel/Documents/projects/gpds/src/Makefile&quot;  VERBOSE=1 clean"/>
				</MakeCommands>
			</Target>
			<Target title="gpds_test/fast">
				<Option output="C:/Users/joel/Documents/projects/gpds/src/gpds_test.exe" prefix_auto="0" extension_auto="0"/>
				<Option working_dir="C:/Users/joel/Documents/projects/gpds/src"/>
				<Option object_output="./"/>
				<Option type="1"/>
				<Option compiler="gcc"/>
				<Compiler>
					<Add directory="C:/Users/joel/Documents/projects/gpds/src/include"/>
					<Add directory="C:/Users/joel/Documents/projects/gpds/src/3rdparty/rapidxml-1.13"/>
					<Add directory="C:/MinGW/mingw64/bin/../lib/gcc/x86_64-w64-mingw32/8.1.0/include/c++"/>
					<Add directory="C:/MinGW/mingw64/bin/../lib/gcc/x86_64-w64-mingw32/8.1.0/include/c++/x86_64-w64-mingw32"/>
					<Add directory="C:/MinGW/mingw64/bin/../lib/gcc/x86_64-w64-mingw32/8.1.0/include/c++/backward"/>
					<Add directory="C:/MinGW/mingw64/bin/../lib/gcc/x86_64-w64-mingw32/8.1.0/include"/>
					<Add directory="C:/MinGW/mingw64/bin/../lib/gcc/x86_64-w64-mingw32/8.1.0/include-fixed"/>
					<Add directory="C:/MinGW/mingw64/bin/../lib/gcc/x86_64-w64-mingw32/8.1.0/../../../../x86_64-w64-mingw32/include"/>
				</Compiler>
				<MakeCommands>
					<Build command="C:/MinGW/mingw64/bin/mingw32-make.exe -f &quot;C:/Users/joel/Documents/projects/gpds/src/Makefile&quot;  VERBOSE=1 gpds_test/fast"/>
					<CompileFile command="C:/MinGW/mingw64/bin/mingw32-make.exe -f &quot;C:/Users/joel/Documents/projects/gpds/src/Makefile&quot;  VERBOSE=1 &quot;$file&quot;"/>
					<Clean command="C:/MinGW/mingw64/bin/mingw32-make.exe -f &quot;C:/Users/joel/Documents/projects/gpds/src/Makefile&quot;  VERBOSE=1 clean"/>
					<DistClean command="C:/MinGW/mingw64/bin/mingw32-make.exe -f &quot;C:/Users/joel/Documents/projects/gpds/src/Makefile&quot;  VERBOSE=1 clean"/>
				</MakeCommands>
			</Target>
			<Target title="install">
				<Option working_dir="C:/Users/joel/Documents/projects/gpds/src"/>
				<Option type="4"/>
				<MakeCommands>
					<Build command="C:/MinGW/mingw64/bin/mingw32-make.exe -f &quot;C:/Users/joel/Documents/projects/gpds/src/Makefile&quot;  VERBOSE=1 install"/>
					<CompileFile command="C:/MinGW/mingw64/bin/mingw32-make.exe -f &quot;C:/Users/joel/Documents/projects/gpds/src/Makefile&quot;  VERBOSE=1 &quot;$file&quot;"/>
					<Clean command="C:/MinGW/mingw64/bin/mingw32-make.exe -f &quot;C:/Users/joel/Documents/projects/gpds/src/Makefile&quot;  VERBOSE=1 clean"/>
					<DistClean command="C:/MinGW/mingw64/bin/mingw32-make.exe -f &quot;C:/Users/joel/Documents/projects/gpds/src/Makefile&quot;  VERBOSE=1 clean"/>
				</MakeCommands>
			</Target>
			<Target title="edit_cache">
				<Option working_dir="C:/Users/joel/Documents/projects/gpds/src"/>
				<Option type="4"/>
				<MakeCommands>
					<Build command="C:/MinGW/mingw64/bin/mingw32-make.exe -f &quot;C:/Users/joel/Documents/projects/gpds/src/Makefile&quot;  VERBOSE=1 edit_cache"/>
					<CompileFile command="C:/MinGW/mingw64/bin/mingw32-make.exe -f &quot;C:/Users/joel/Documents/projects/gpds/src/Makefile&quot;  VERBOSE=1 &quot;$file&quot;"/>
					<Clean command="C:/MinGW/mingw64/bin/mingw32-make.exe -f &quot;C:/Users/joel/Documents/projects/gpds/src/Makefile&quot;  VERBOSE=1 clean"/>
					<DistClean command="C:/MinGW/mingw64/bin/mingw32-make.exe -f &quot;C:/Users/joel/Documents/projects/gpds/src/Makefile&quot;  VERBOSE=1 clean"/>
				</MakeCommands>
			</Target>
			<Target title="rebuild_cache">
				<Option working_dir="C:/Users/joel/Documents/projects/gpds/src"/>
				<Option type="4"/>
				<MakeCommands>
					<Build command="C:/MinGW/mingw64/bin/mingw32-make.exe -f &quot;C:/Users/joel/Documents/projects/gpds/src/Makefile&quot;  VERBOSE=1 rebuild_cache"/>
					<CompileFile command="C:/MinGW/mingw64/bin/mingw32-make.exe -f &quot;C:/Users/joel/Documents/projects/gpds/src/Makefile&quot;  VERBOSE=1 &quot;$file&quot;"/>
					<Clean command="C:/MinGW/mingw64/bin/mingw32-make.exe -f &quot;C:/Users/joel/Documents/projects/gpds/src/Makefile&quot;  VERBOSE=1 clean"/>
					<DistClean command="C:/MinGW/mingw64/bin/mingw32-make.exe -f &quot;C:/Users/joel/Documents/projects/gpds/src/Makefile&quot;  VERBOSE=1 clean"/>
				</MakeCommands>
			</Target>
			<Target title="test">
				<Option working_dir="C:/Users/joel/Documents/projects/gpds/src"/>
				<Option type="4"/>
				<MakeCommands>
					<Build command="C:/MinGW/mingw64/bin/mingw32-make.exe -f &quot;C:/Users/joel/Documents/projects/gpds/src/Makefile&quot;  VERBOSE=1 test"/>
					<CompileFile command="C:/MinGW/mingw64/bin/mingw32-make.exe -f &quot;C:/Users/joel/Documents/projects/gpds/src/Makefile&quot;  VERBOSE=1 &quot;$file&quot;"/>
					<Clean command="C:/MinGW/mingw64/bin/mingw32-make.exe -f &quot;C:/Users/joel/Documents/projects/gpds/src/Makefile&quot;  VERBOSE=1 clean"/>
					<DistClean command="C:/MinGW/mingw64/bin/mingw32-make.exe -f &quot;C:/Users/joel/Documents/projects/gpds/src/Makefile&quot;  VERBOSE=1 clean"/>
				</MakeCommands>
			</Target>
			<Target title="list_install_components">
				<Option working_dir="C:/Users/joel/Documents/projects/gpds/src"/>
				<Option type="4"/>
				<MakeCommands>
					<Build command="C:/MinGW/mingw64/bin/mingw32-make.exe -f &quot;C:/Users/joel/Documents/projects/gpds/src/Makefile&quot;  VERBOSE=1 list_install_components"/>
					<CompileFile command="C:/MinGW/mingw64/bin/mingw32-make.exe -f &quot;C:/Users/joel/Documents/projects/gpds/src/Makefile&quot;  VERBOSE=1 &quot;$file&quot;"/>
					<Clean command="C:/MinGW/mingw64/bin/mingw32-make.exe -f &quot;C:/Users/joel/Documents/projects/gpds/src/Makefile&quot;  VERBOSE=1 clean"/>
					<DistClean command="C:/MinGW/mingw64/bin/mingw32-make.exe -f &quot;C:/Users/joel/Documents/projects/gpds/src/Makefile&quot;  VERBOSE=1 clean"/>
				</MakeCommands>
			</Target>
			<Target title="install/strip">
				<Option working_dir="C:/Users/joel/Documents/projects/gpds/src"/>
				<Option type="4"/>
				<MakeCommands>
					<Build command="C:/MinGW/mingw64/bin/mingw32-make.exe -f &quot;C:/Users/joel/Documents/projects/gpds/src/Makefile&quot;  VERBOSE=1 install/strip"/>
					<CompileFile command="C:/MinGW/mingw64/bin/mingw32-make.exe -f &quot;C:/Users/joel/Documents/projects/gpds/src/Makefile&quot;  VERBOSE=1 &quot;$file&quot;"/>
					<Clean command="C:/MinGW/mingw64/bin/mingw32-make.exe -f &quot;C:/Users/joel/Documents/projects/gpds/src/Makefile&quot;  VERBOSE=1 clean"/>
					<DistClean command="C:/MinGW/mingw64/bin/mingw32-make.exe -f &quot;C:/Users/joel/Documents/projects/gpds/src/Makefile&quot;  VERBOSE=1 clean"/>
				</MakeCommands>
			</Target>
		</Build>
		<Unit filename="C:/Users/joel/Documents/projects/gpds/src/include/archiver.h">
			<Option target="gpds"/>
		</Unit>
		<Unit filename="C:/Users/joel/Documents/projects/gpds/src/include/archiverxml.h">
			<Option target="gpds"/>
		</Unit>
		<Unit filename="C:/Users/joel/Documents/projects/gpds/src/include/attributes.h">
			<Option target="gpds"/>
		</Unit>
		<Unit filename="C:/Users/joel/Documents/projects/gpds/src/include/container.h">
			<Option target="gpds"/>
		</Unit>
		<Unit filename="C:/Users/joel/Documents/projects/gpds/src/include/serialize.h">
			<Option target="gpds"/>
		</Unit>
		<Unit filename="C:/Users/joel/Documents/projects/gpds/src/include/types.h">
			<Option target="gpds"/>
		</Unit>
		<Unit filename="C:/Users/joel/Documents/projects/gpds/src/include/utils.h">
			<Option target="gpds"/>
		</Unit>
		<Unit filename="C:/Users/joel/Documents/projects/gpds/src/include/value.h">
			<Option target="gpds"/>
		</Unit>
		<Unit filename="C:/Users/joel/Documents/projects/gpds/src/src/value.cpp">
			<Option target="gpds"/>
		</Unit>
		<Unit filename="C:/Users/joel/Documents/projects/gpds/test/test.h">
			<Option target="gpds_test"/>
		</Unit>
		<Unit filename="C:/Users/joel/Documents/projects/gpds/test/test_main.cpp">
			<Option target="gpds_test"/>
		</Unit>
		<Unit filename="C:/Users/joel/Documents/projects/gpds/test/tests/test_01.h">
			<Option target="gpds_test"/>
		</Unit>
		<Unit filename="C:/Users/joel/Documents/projects/gpds/test/tests/test_02.h">
			<Option target="gpds_test"/>
		</Unit>
		<Unit filename="C:/Users/joel/Documents/projects/gpds/src/CMakeLists.txt">
			<Option virtualFolder="CMake Files\"/>
		</Unit>
	</Project>
</CodeBlocks_project_file>
